
Microsoft Visual Studio Solution File, Format Version 12.00
# Visual Studio Version 17
VisualStudioVersion = 17.14.36414.22 d17.14
MinimumVisualStudioVersion = 10.0.40219.1
Project("{FAE04EC0-301F-11D3-BF4B-00C04F79EFBC}") = "LBV_GTM_Database-API", "LBV_GTM_Database-API.csproj", "{ADF5EAA3-0138-4EA1-BBD7-BBF8FE648894}"
EndProject
Project("{FAE04EC0-301F-11D3-BF4B-00C04F79EFBC}") = "LBV_GTM_Basics", "..\LBV-GTM-Basics\LBV_GTM_Basics.csproj", "{8BD72A5A-D7ED-54A4-2F54-1A1525A31A85}"
EndProject
Global
	GlobalSection(SolutionConfigurationPlatforms) = preSolution
		Debug|Any CPU = Debug|Any CPU
		Release|Any CPU = Release|Any CPU
	EndGlobalSection
	GlobalSection(ProjectConfigurationPlatforms) = postSolution
		{ADF5EAA3-0138-4EA1-BBD7-BBF8FE648894}.Debug|Any CPU.ActiveCfg = Debug|Any CPU
		{ADF5EAA3-0138-4EA1-BBD7-BBF8FE648894}.Debug|Any CPU.Build.0 = Debug|Any CPU
		{ADF5EAA3-0138-4EA1-BBD7-BBF8FE648894}.Release|Any CPU.ActiveCfg = Release|Any CPU
		{ADF5EAA3-0138-4EA1-BBD7-BBF8FE648894}.Release|Any CPU.Build.0 = Release|Any CPU
		{8BD72A5A-D7ED-54A4-2F54-1A1525A31A85}.Debug|Any CPU.ActiveCfg = Debug|Any CPU
		{8BD72A5A-D7ED-54A4-2F54-1A1525A31A85}.Debug|Any CPU.Build.0 = Debug|Any CPU
		{8BD72A5A-D7ED-54A4-2F54-1A1525A31A85}.Release|Any CPU.ActiveCfg = Release|Any CPU
		{8BD72A5A-D7ED-54A4-2F54-1A1525A31A85}.Release|Any CPU.Build.0 = Release|Any CPU
	EndGlobalSection
	GlobalSection(SolutionProperties) = preSolution
		HideSolutionNode = FALSE
	EndGlobalSection
	GlobalSection(ExtensibilityGlobals) = postSolution
		SolutionGuid = {4525801C-19FE-440C-A107-9176681A6625}
	EndGlobalSection
EndGlobal
