
Microsoft Visual Studio Solution File, Format Version 12.00
# Visual Studio Version 17
VisualStudioVersion = 17.14.36414.22
MinimumVisualStudioVersion = 10.0.40219.1
Project("{FAE04EC0-301F-11D3-BF4B-00C04F79EFBC}") = "LBV_GTM_Database-API", "LBV_GTM_Database-API.csproj", "{ADF5EAA3-0138-4EA1-BBD7-BBF8FE648894}"
EndProject
Project("{FAE04EC0-301F-11D3-BF4B-00C04F79EFBC}") = "LBV_Basics", "..\LBV-Basics\LBV_Basics.csproj", "{E7EEC0DC-D646-6F50-107D-910B7B9749F9}"
EndProject
Global
	GlobalSection(SolutionConfigurationPlatforms) = preSolution
		Debug|Any CPU = Debug|Any CPU
		Release|Any CPU = Release|Any CPU
	EndGlobalSection
	GlobalSection(ProjectConfigurationPlatforms) = postSolution
		{ADF5EAA3-0138-4EA1-BBD7-BBF8FE648894}.Debug|Any CPU.ActiveCfg = Debug|Any CPU
		{ADF5EAA3-0138-4EA1-BBD7-BBF8FE648894}.Debug|Any CPU.Build.0 = Debug|Any CPU
		{ADF5EAA3-0138-4EA1-BBD7-BBF8FE648894}.Release|Any CPU.ActiveCfg = Release|Any CPU
		{ADF5EAA3-0138-4EA1-BBD7-BBF8FE648894}.Release|Any CPU.Build.0 = Release|Any CPU
		{E7EEC0DC-D646-6F50-107D-910B7B9749F9}.Debug|Any CPU.ActiveCfg = Debug|Any CPU
		{E7EEC0DC-D646-6F50-107D-910B7B9749F9}.Debug|Any CPU.Build.0 = Debug|Any CPU
		{E7EEC0DC-D646-6F50-107D-910B7B9749F9}.Release|Any CPU.ActiveCfg = Release|Any CPU
		{E7EEC0DC-D646-6F50-107D-910B7B9749F9}.Release|Any CPU.Build.0 = Release|Any CPU
	EndGlobalSection
	GlobalSection(SolutionProperties) = preSolution
		HideSolutionNode = FALSE
	EndGlobalSection
	GlobalSection(ExtensibilityGlobals) = postSolution
		SolutionGuid = {4525801C-19FE-440C-A107-9176681A6625}
	EndGlobalSection
EndGlobal
